<?xml version="1.0" encoding="utf-8"?>
<Project ToolsVersion="15.0" xmlns="http://schemas.microsoft.com/developer/msbuild/2003">
  <ItemGroup>
    <ClCompile Include="..\..\..\external\glslang\glslangMachineIndependent\glslang_tab.cpp" />
    <ClCompile Include="..\..\..\external\glslang\glslangMachineIndependent\attribute.cpp" />
    <ClCompile Include="..\..\..\external\glslang\glslangMachineIndependent\Constant.cpp" />
    <ClCompile Include="..\..\..\external\glslang\glslangMachineIndependent\iomapper.cpp" />
    <ClCompile Include="..\..\..\external\glslang\glslangMachineIndependent\InfoSink.cpp" />
    <ClCompile Include="..\..\..\external\glslang\glslangMachineIndependent\Initialize.cpp" />
    <ClCompile Include="..\..\..\external\glslang\glslangMachineIndependent\IntermTraverse.cpp" />
    <ClCompile Include="..\..\..\external\glslang\glslangMachineIndependent\Intermediate.cpp" />
    <ClCompile Include="..\..\..\external\glslang\glslangMachineIndependent\ParseContextBase.cpp" />
    <ClCompile Include="..\..\..\external\glslang\glslangMachineIndependent\ParseHelper.cpp" />
    <ClCompile Include="..\..\..\external\glslang\glslangMachineIndependent\PoolAlloc.cpp" />
    <ClCompile Include="..\..\..\external\glslang\glslangMachineIndependent\RemoveTree.cpp" />
    <ClCompile Include="..\..\..\external\glslang\glslangMachineIndependent\Scan.cpp" />
    <ClCompile Include="..\..\..\external\glslang\glslangMachineIndependent\ShaderLang.cpp" />
    <ClCompile Include="..\..\..\external\glslang\glslangMachineIndependent\SymbolTable.cpp" />
    <ClCompile Include="..\..\..\external\glslang\glslangMachineIndependent\Versions.cpp" />
    <ClCompile Include="..\..\..\external\glslang\glslangMachineIndependent\intermOut.cpp" />
    <ClCompile Include="..\..\..\external\glslang\glslangMachineIndependent\limits.cpp" />
    <ClCompile Include="..\..\..\external\glslang\glslangMachineIndependent\linkValidate.cpp" />
    <ClCompile Include="..\..\..\external\glslang\glslangMachineIndependent\parseConst.cpp" />
    <ClCompile Include="..\..\..\external\glslang\glslangMachineIndependent\reflection.cpp" />
    <ClCompile Include="..\..\..\external\glslang\glslangMachineIndependent\preprocessor\Pp.cpp" />
    <ClCompile Include="..\..\..\external\glslang\glslangMachineIndependent\preprocessor\PpAtom.cpp" />
    <ClCompile Include="..\..\..\external\glslang\glslangMachineIndependent\preprocessor\PpContext.cpp" />
    <ClCompile Include="..\..\..\external\glslang\glslangMachineIndependent\preprocessor\PpScanner.cpp" />
    <ClCompile Include="..\..\..\external\glslang\glslangMachineIndependent\preprocessor\PpTokens.cpp" />
    <ClCompile Include="..\..\..\external\glslang\glslangMachineIndependent\propagateNoContraction.cpp" />
    <ClCompile Include="..\..\..\external\glslang\glslangGenericCodeGen\CodeGen.cpp" />
    <ClCompile Include="..\..\..\external\glslang\glslangGenericCodeGen\Link.cpp" />
    <ClCompile Include="..\..\..\external\glslang\glslangMachineIndependent\pch.cpp" />
  </ItemGroup>
  <ItemGroup>
    <ClInclude Include="..\..\..\external\glslang\glslangPublic\ShaderLang.h" />
    <ClInclude Include="..\..\..\external\glslang\glslangInclude\arrays.h" />
    <ClInclude Include="..\..\..\external\glslang\glslangInclude\BaseTypes.h" />
    <ClInclude Include="..\..\..\external\glslang\glslangInclude\Common.h" />
    <ClInclude Include="..\..\..\external\glslang\glslangInclude\ConstantUnion.h" />
    <ClInclude Include="..\..\..\external\glslang\glslangInclude\InfoSink.h" />
    <ClInclude Include="..\..\..\external\glslang\glslangInclude\InitializeGlobals.h" />
    <ClInclude Include="..\..\..\external\glslang\glslangInclude\intermediate.h" />
    <ClInclude Include="..\..\..\external\glslang\glslangInclude\PoolAlloc.h" />
    <ClInclude Include="..\..\..\external\glslang\glslangInclude\ResourceLimits.h" />
    <ClInclude Include="..\..\..\external\glslang\glslangInclude\revision.h" />
    <ClInclude Include="..\..\..\external\glslang\glslangInclude\ShHandle.h" />
    <ClInclude Include="..\..\..\external\glslang\glslangInclude\Types.h" />
    <ClInclude Include="..\..\..\external\glslang\glslangMachineIndependent\attribute.h" />
    <ClInclude Include="..\..\..\external\glslang\glslangMachineIndependent\glslang_tab.cpp.h" />
    <ClInclude Include="..\..\..\external\glslang\glslangMachineIndependent\gl_types.h" />
    <ClInclude Include="..\..\..\external\glslang\glslangMachineIndependent\Initialize.h" />
    <ClInclude Include="..\..\..\external\glslang\glslangMachineIndependent\iomapper.h" />
    <ClInclude Include="..\..\..\external\glslang\glslangMachineIndependent\LiveTraverser.h" />
    <ClInclude Include="..\..\..\external\glslang\glslangMachineIndependent\localintermediate.h" />
    <ClInclude Include="..\..\..\external\glslang\glslangMachineIndependent\ParseHelper.h" />
    <ClInclude Include="..\..\..\external\glslang\glslangMachineIndependent\reflection.h" />
    <ClInclude Include="..\..\..\external\glslang\glslangMachineIndependent\RemoveTree.h" />
    <ClInclude Include="..\..\..\external\glslang\glslangMachineIndependent\Scan.h" />
    <ClInclude Include="..\..\..\external\glslang\glslangMachineIndependent\ScanContext.h" />
    <ClInclude Include="..\..\..\external\glslang\glslangMachineIndependent\SymbolTable.h" />
    <ClInclude Include="..\..\..\external\glslang\glslangMachineIndependent\Versions.h" />
    <ClInclude Include="..\..\..\external\glslang\glslangMachineIndependent\parseVersions.h" />
    <ClInclude Include="..\..\..\external\glslang\glslangMachineIndependent\propagateNoContraction.h" />
    <ClInclude Include="..\..\..\external\glslang\glslangMachineIndependent\preprocessor\PpContext.h" />
    <ClInclude Include="..\..\..\external\glslang\glslangMachineIndependent\preprocessor\PpTokens.h" />
  </ItemGroup>
  <ItemGroup>
    <None Include="..\..\..\external\glslang\glslangMachineIndependent\glslang.y" />
  </ItemGroup>
  <ItemGroup>
    <Filter Include="GenericCodeGen">
      <UniqueIdentifier>{5805D2BD-1025-385F-990A-346F761177E1}</UniqueIdentifier>
    </Filter>
    <Filter Include="Include">
      <UniqueIdentifier>{FCDA9977-E596-334C-9B27-E4603B46FA94}</UniqueIdentifier>
    </Filter>
    <Filter Include="MachineIndependent">
      <UniqueIdentifier>{830EF11A-A94F-3C75-A9DC-7286F9C77685}</UniqueIdentifier>
    </Filter>
    <Filter Include="MachineIndependent\Preprocessor">
      <UniqueIdentifier>{A97DA032-0D72-3407-8E00-8AFAA01785E9}</UniqueIdentifier>
    </Filter>
    <Filter Include="Public">
      <UniqueIdentifier>{8780F4F6-80B4-3E5A-8BDB-870CCE928E56}</UniqueIdentifier>
    </Filter>
  </ItemGroup>
</Project>