
Microsoft Visual Studio Solution File, Format Version 12.00
# Visual Studio 14
VisualStudioVersion = 14.0.25420.1
MinimumVisualStudioVersion = 10.0.40219.1
Project("{8BC9CEB8-8B4A-11D0-8D11-00A0C91BC942}") = "zlib", "zlib.vcxproj", "{99E9817A-4605-44AF-8433-7048F0EC1859}"
EndProject
Global
	GlobalSection(SolutionConfigurationPlatforms) = preSolution
		Debug Unicode|Win32 = Debug Unicode|Win32
		Debug Unicode|x64 = Debug Unicode|x64
		Debug|Win32 = Debug|Win32
		Debug|x64 = Debug|x64
		Release Unicode|Win32 = Release Unicode|Win32
		Release Unicode|x64 = Release Unicode|x64
		Release|Win32 = Release|Win32
		Release|x64 = Release|x64
	EndGlobalSection
	GlobalSection(ProjectConfigurationPlatforms) = postSolution
		{99E9817A-4605-44AF-8433-7048F0EC1859}.Debug Unicode|Win32.ActiveCfg = Debug Unicode|Win32
		{99E9817A-4605-44AF-8433-7048F0EC1859}.Debug Unicode|Win32.Build.0 = Debug Unicode|Win32
		{99E9817A-4605-44AF-8433-7048F0EC1859}.Debug Unicode|x64.ActiveCfg = Debug Unicode|x64
		{99E9817A-4605-44AF-8433-7048F0EC1859}.Debug Unicode|x64.Build.0 = Debug Unicode|x64
		{99E9817A-4605-44AF-8433-7048F0EC1859}.Debug|Win32.ActiveCfg = Debug|Win32
		{99E9817A-4605-44AF-8433-7048F0EC1859}.Debug|Win32.Build.0 = Debug|Win32
		{99E9817A-4605-44AF-8433-7048F0EC1859}.Debug|x64.ActiveCfg = Debug|x64
		{99E9817A-4605-44AF-8433-7048F0EC1859}.Debug|x64.Build.0 = Debug|x64
		{99E9817A-4605-44AF-8433-7048F0EC1859}.Release Unicode|Win32.ActiveCfg = Release Unicode|Win32
		{99E9817A-4605-44AF-8433-7048F0EC1859}.Release Unicode|Win32.Build.0 = Release Unicode|Win32
		{99E9817A-4605-44AF-8433-7048F0EC1859}.Release Unicode|x64.ActiveCfg = Release Unicode|x64
		{99E9817A-4605-44AF-8433-7048F0EC1859}.Release Unicode|x64.Build.0 = Release Unicode|x64
		{99E9817A-4605-44AF-8433-7048F0EC1859}.Release|Win32.ActiveCfg = Release|Win32
		{99E9817A-4605-44AF-8433-7048F0EC1859}.Release|Win32.Build.0 = Release|Win32
		{99E9817A-4605-44AF-8433-7048F0EC1859}.Release|x64.ActiveCfg = Release|x64
		{99E9817A-4605-44AF-8433-7048F0EC1859}.Release|x64.Build.0 = Release|x64
	EndGlobalSection
	GlobalSection(SolutionProperties) = preSolution
		HideSolutionNode = FALSE
	EndGlobalSection
EndGlobal
