
Microsoft Visual Studio Solution File, Format Version 10.00
# Visual Studio 2008
Project("{8BC9CEB8-8B4A-11D0-8D11-00A0C91BC942}") = "zlib", "zlib.vcproj", "{99E9817A-4605-44AF-8433-7048F0EC1859}"
EndProject
Global
	GlobalSection(SolutionConfigurationPlatforms) = preSolution
		LIB Debug S9xUnicode|Win32 = LIB Debug S9xUnicode|Win32
		LIB Debug S9xUnicode|x64 = LIB Debug S9xUnicode|x64
		LIB Debug|Win32 = LIB Debug|Win32
		LIB Debug|x64 = LIB Debug|x64
		LIB Release S9xUnicode|Win32 = LIB Release S9xUnicode|Win32
		LIB Release S9xUnicode|x64 = LIB Release S9xUnicode|x64
		LIB Release|Win32 = LIB Release|Win32
		LIB Release|x64 = LIB Release|x64
	EndGlobalSection
	GlobalSection(ProjectConfigurationPlatforms) = postSolution
		{99E9817A-4605-44AF-8433-7048F0EC1859}.LIB Debug S9xUnicode|Win32.ActiveCfg = LIB Debug S9xUnicode|Win32
		{99E9817A-4605-44AF-8433-7048F0EC1859}.LIB Debug S9xUnicode|Win32.Build.0 = LIB Debug S9xUnicode|Win32
		{99E9817A-4605-44AF-8433-7048F0EC1859}.LIB Debug S9xUnicode|x64.ActiveCfg = LIB Debug S9xUnicode|x64
		{99E9817A-4605-44AF-8433-7048F0EC1859}.LIB Debug S9xUnicode|x64.Build.0 = LIB Debug S9xUnicode|x64
		{99E9817A-4605-44AF-8433-7048F0EC1859}.LIB Debug|Win32.ActiveCfg = LIB Debug|Win32
		{99E9817A-4605-44AF-8433-7048F0EC1859}.LIB Debug|Win32.Build.0 = LIB Debug|Win32
		{99E9817A-4605-44AF-8433-7048F0EC1859}.LIB Debug|x64.ActiveCfg = LIB Debug|x64
		{99E9817A-4605-44AF-8433-7048F0EC1859}.LIB Debug|x64.Build.0 = LIB Debug|x64
		{99E9817A-4605-44AF-8433-7048F0EC1859}.LIB Release S9xUnicode|Win32.ActiveCfg = LIB Release S9xUnicode|Win32
		{99E9817A-4605-44AF-8433-7048F0EC1859}.LIB Release S9xUnicode|Win32.Build.0 = LIB Release S9xUnicode|Win32
		{99E9817A-4605-44AF-8433-7048F0EC1859}.LIB Release S9xUnicode|x64.ActiveCfg = LIB Release S9xUnicode|x64
		{99E9817A-4605-44AF-8433-7048F0EC1859}.LIB Release S9xUnicode|x64.Build.0 = LIB Release S9xUnicode|x64
		{99E9817A-4605-44AF-8433-7048F0EC1859}.LIB Release|Win32.ActiveCfg = LIB Release|Win32
		{99E9817A-4605-44AF-8433-7048F0EC1859}.LIB Release|Win32.Build.0 = LIB Release|Win32
		{99E9817A-4605-44AF-8433-7048F0EC1859}.LIB Release|x64.ActiveCfg = LIB Release|x64
		{99E9817A-4605-44AF-8433-7048F0EC1859}.LIB Release|x64.Build.0 = LIB Release|x64
	EndGlobalSection
	GlobalSection(SolutionProperties) = preSolution
		HideSolutionNode = FALSE
	EndGlobalSection
EndGlobal
